
Microsoft Visual Studio Solution File, Format Version 12.00
# Visual Studio Version 17
VisualStudioVersion = 17.9.34714.143
MinimumVisualStudioVersion = 10.0.40219.1
Project("{8BC9CEB8-8B4A-11D0-8D11-00A0C91BC942}") = "Avocado", "Avocado\Avocado.vcxproj", "{34C3F522-93E9-4E45-80E0-3121E6B143EB}"
EndProject
Global
	GlobalSection(SolutionConfigurationPlatforms) = preSolution
		Debug|x64 = Debug|x64
		Debug|x86 = Debug|x86
		Release|x64 = Release|x64
		Release|x86 = Release|x86
	EndGlobalSection
	GlobalSection(ProjectConfigurationPlatforms) = postSolution
		{34C3F522-93E9-4E45-80E0-3121E6B143EB}.Debug|x64.ActiveCfg = Debug|x64
		{34C3F522-93E9-4E45-80E0-3121E6B143EB}.Debug|x64.Build.0 = Debug|x64
		{34C3F522-93E9-4E45-80E0-3121E6B143EB}.Debug|x86.ActiveCfg = Debug|Win32
		{34C3F522-93E9-4E45-80E0-3121E6B143EB}.Debug|x86.Build.0 = Debug|Win32
		{34C3F522-93E9-4E45-80E0-3121E6B143EB}.Release|x64.ActiveCfg = Release|x64
		{34C3F522-93E9-4E45-80E0-3121E6B143EB}.Release|x64.Build.0 = Release|x64
		{34C3F522-93E9-4E45-80E0-3121E6B143EB}.Release|x86.ActiveCfg = Release|Win32
		{34C3F522-93E9-4E45-80E0-3121E6B143EB}.Release|x86.Build.0 = Release|Win32
	EndGlobalSection
	GlobalSection(SolutionProperties) = preSolution
		HideSolutionNode = FALSE
	EndGlobalSection
	GlobalSection(ExtensibilityGlobals) = postSolution
		SolutionGuid = {55DAB99A-A0B0-42D6-85B1-3B1A8770D213}
	EndGlobalSection
EndGlobal
